
Microsoft Visual Studio Solution File, Format Version 12.00
# Visual Studio 15
VisualStudioVersion = 15.0.27703.2042
MinimumVisualStudioVersion = 10.0.40219.1
Project("{FAE04EC0-301F-11D3-BF4B-00C04F79EFBC}") = "Sumoffloat", "Sumoffloat\Sumoffloat.csproj", "{EF6F60F2-F095-4319-A721-7D6F8E6EC83F}"
EndProject
Global
	GlobalSection(SolutionConfigurationPlatforms) = preSolution
		Debug|Any CPU = Debug|Any CPU
		Release|Any CPU = Release|Any CPU
	EndGlobalSection
	GlobalSection(ProjectConfigurationPlatforms) = postSolution
		{EF6F60F2-F095-4319-A721-7D6F8E6EC83F}.Debug|Any CPU.ActiveCfg = Debug|Any CPU
		{EF6F60F2-F095-4319-A721-7D6F8E6EC83F}.Debug|Any CPU.Build.0 = Debug|Any CPU
		{EF6F60F2-F095-4319-A721-7D6F8E6EC83F}.Release|Any CPU.ActiveCfg = Release|Any CPU
		{EF6F60F2-F095-4319-A721-7D6F8E6EC83F}.Release|Any CPU.Build.0 = Release|Any CPU
	EndGlobalSection
	GlobalSection(SolutionProperties) = preSolution
		HideSolutionNode = FALSE
	EndGlobalSection
	GlobalSection(ExtensibilityGlobals) = postSolution
		SolutionGuid = {32183E79-1641-421E-84DA-5CE1BD44E5D1}
	EndGlobalSection
EndGlobal
