
Microsoft Visual Studio Solution File, Format Version 12.00
# Visual Studio 15
VisualStudioVersion = 15.0.27703.2042
MinimumVisualStudioVersion = 10.0.40219.1
Project("{FAE04EC0-301F-11D3-BF4B-00C04F79EFBC}") = "Splitwise", "Splitwise\Splitwise.csproj", "{522A8C66-F3E4-447A-8FFE-816A089D80EC}"
EndProject
Global
	GlobalSection(SolutionConfigurationPlatforms) = preSolution
		Debug|Any CPU = Debug|Any CPU
		Release|Any CPU = Release|Any CPU
	EndGlobalSection
	GlobalSection(ProjectConfigurationPlatforms) = postSolution
		{522A8C66-F3E4-447A-8FFE-816A089D80EC}.Debug|Any CPU.ActiveCfg = Debug|Any CPU
		{522A8C66-F3E4-447A-8FFE-816A089D80EC}.Debug|Any CPU.Build.0 = Debug|Any CPU
		{522A8C66-F3E4-447A-8FFE-816A089D80EC}.Release|Any CPU.ActiveCfg = Release|Any CPU
		{522A8C66-F3E4-447A-8FFE-816A089D80EC}.Release|Any CPU.Build.0 = Release|Any CPU
	EndGlobalSection
	GlobalSection(SolutionProperties) = preSolution
		HideSolutionNode = FALSE
	EndGlobalSection
	GlobalSection(ExtensibilityGlobals) = postSolution
		SolutionGuid = {49B54C69-D7BF-4309-8FF6-2CA1FB98A761}
	EndGlobalSection
EndGlobal
